// !$*UTF8*$!
{
	archiveVersion = 1;
	classes = {
	};
	objectVersion = 56;
	objects = {

/* Begin PBXBuildFile section */
		1C0E7A682D2F6EB300B604BB /* Main.xcdatamodeld in Sources */ = {isa = PBXBuildFile; fileRef = 1C0E7A662D2F6EB300B604BB /* Main.xcdatamodeld */; };
		1C0E7A742D2F777A00B604BB /* BookListViewModel.swift in Sources */ = {isa = PBXBuildFile; fileRef = 1C0E7A732D2F777400B604BB /* BookListViewModel.swift */; };
		1C1BB5D82D33790D00562892 /* iOSTechTestApp.swift in Sources */ = {isa = PBXBuildFile; fileRef = 1C1BB5D62D33790D00562892 /* iOSTechTestApp.swift */; };
		1C1BB5DC2D33791200562892 /* NetworkingService.swift in Sources */ = {isa = PBXBuildFile; fileRef = 1C1BB5D92D33791200562892 /* NetworkingService.swift */; };
		1C1BB5DD2D33791200562892 /* PersistenceManager.swift in Sources */ = {isa = PBXBuildFile; fileRef = 1C1BB5DA2D33791200562892 /* PersistenceManager.swift */; };
		1C1BB5E22D33792000562892 /* BookListView.swift in Sources */ = {isa = PBXBuildFile; fileRef = 1C1BB5E02D33792000562892 /* BookListView.swift */; };
		1C1BB5E42D337A6500562892 /* BookInfo.swift in Sources */ = {isa = PBXBuildFile; fileRef = 1C1BB5E32D337A6100562892 /* BookInfo.swift */; };
		1C1BB5E62D337A9300562892 /* BookItem.swift in Sources */ = {isa = PBXBuildFile; fileRef = 1C1BB5E52D337A9000562892 /* BookItem.swift */; };
		1C1BB5E82D337BD000562892 /* BookDetailView.swift in Sources */ = {isa = PBXBuildFile; fileRef = 1C1BB5E72D337BCC00562892 /* BookDetailView.swift */; };
		1C1BB5EA2D33961700562892 /* BooksResponse.swift in Sources */ = {isa = PBXBuildFile; fileRef = 1C1BB5E92D33960F00562892 /* BooksResponse.swift */; };
		1C1BB5EC2D3396F000562892 /* Author.swift in Sources */ = {isa = PBXBuildFile; fileRef = 1C1BB5EB2D3396ED00562892 /* Author.swift */; };
		1C6934952D343F4B001D42D9 /* BookRowView.swift in Sources */ = {isa = PBXBuildFile; fileRef = 1C6934942D343F48001D42D9 /* BookRowView.swift */; };
		1C6934972D347370001D42D9 /* RowImageView.swift in Sources */ = {isa = PBXBuildFile; fileRef = 1C6934962D34736B001D42D9 /* RowImageView.swift */; };
		1C69349B2D348584001D42D9 /* PlaceholderImageView.swift in Sources */ = {isa = PBXBuildFile; fileRef = 1C69349A2D34857F001D42D9 /* PlaceholderImageView.swift */; };
		1C6934BD2D35D4F8001D42D9 /* AsyncCachedImage.swift in Sources */ = {isa = PBXBuildFile; fileRef = 1C6934BC2D35D4F3001D42D9 /* AsyncCachedImage.swift */; };
		257B80032B13607F00930860 /* Assets.xcassets in Resources */ = {isa = PBXBuildFile; fileRef = 257B80022B13607F00930860 /* Assets.xcassets */; };
		257B80062B13607F00930860 /* Preview Assets.xcassets in Resources */ = {isa = PBXBuildFile; fileRef = 257B80052B13607F00930860 /* Preview Assets.xcassets */; };
		257B80102B13607F00930860 /* iOSTechTestTests.swift in Sources */ = {isa = PBXBuildFile; fileRef = 257B800F2B13607F00930860 /* iOSTechTestTests.swift */; };
		257B801A2B13607F00930860 /* iOSTechTestUITests.swift in Sources */ = {isa = PBXBuildFile; fileRef = 257B80192B13607F00930860 /* iOSTechTestUITests.swift */; };
		257B801C2B13607F00930860 /* iOSTechTestUITestsLaunchTests.swift in Sources */ = {isa = PBXBuildFile; fileRef = 257B801B2B13607F00930860 /* iOSTechTestUITestsLaunchTests.swift */; };
/* End PBXBuildFile section */

/* Begin PBXContainerItemProxy section */
		257B800C2B13607F00930860 /* PBXContainerItemProxy */ = {
			isa = PBXContainerItemProxy;
			containerPortal = 257B7FF32B13607E00930860 /* Project object */;
			proxyType = 1;
			remoteGlobalIDString = 257B7FFA2B13607E00930860;
			remoteInfo = iOSTechTest;
		};
		257B80162B13607F00930860 /* PBXContainerItemProxy */ = {
			isa = PBXContainerItemProxy;
			containerPortal = 257B7FF32B13607E00930860 /* Project object */;
			proxyType = 1;
			remoteGlobalIDString = 257B7FFA2B13607E00930860;
			remoteInfo = iOSTechTest;
		};
/* End PBXContainerItemProxy section */

/* Begin PBXFileReference section */
		1C0E7A672D2F6EB300B604BB /* Main.xcdatamodel */ = {isa = PBXFileReference; lastKnownFileType = wrapper.xcdatamodel; path = Main.xcdatamodel; sourceTree = "<group>"; };
		1C0E7A732D2F777400B604BB /* BookListViewModel.swift */ = {isa = PBXFileReference; lastKnownFileType = sourcecode.swift; path = BookListViewModel.swift; sourceTree = "<group>"; };
		1C1BB5D62D33790D00562892 /* iOSTechTestApp.swift */ = {isa = PBXFileReference; lastKnownFileType = sourcecode.swift; path = iOSTechTestApp.swift; sourceTree = "<group>"; };
		1C1BB5D92D33791200562892 /* NetworkingService.swift */ = {isa = PBXFileReference; lastKnownFileType = sourcecode.swift; path = NetworkingService.swift; sourceTree = "<group>"; };
		1C1BB5DA2D33791200562892 /* PersistenceManager.swift */ = {isa = PBXFileReference; lastKnownFileType = sourcecode.swift; path = PersistenceManager.swift; sourceTree = "<group>"; };
		1C1BB5E02D33792000562892 /* BookListView.swift */ = {isa = PBXFileReference; lastKnownFileType = sourcecode.swift; path = BookListView.swift; sourceTree = "<group>"; };
		1C1BB5E32D337A6100562892 /* BookInfo.swift */ = {isa = PBXFileReference; lastKnownFileType = sourcecode.swift; path = BookInfo.swift; sourceTree = "<group>"; };
		1C1BB5E52D337A9000562892 /* BookItem.swift */ = {isa = PBXFileReference; lastKnownFileType = sourcecode.swift; path = BookItem.swift; sourceTree = "<group>"; };
		1C1BB5E72D337BCC00562892 /* BookDetailView.swift */ = {isa = PBXFileReference; lastKnownFileType = sourcecode.swift; path = BookDetailView.swift; sourceTree = "<group>"; };
		1C1BB5E92D33960F00562892 /* BooksResponse.swift */ = {isa = PBXFileReference; lastKnownFileType = sourcecode.swift; path = BooksResponse.swift; sourceTree = "<group>"; };
		1C1BB5EB2D3396ED00562892 /* Author.swift */ = {isa = PBXFileReference; lastKnownFileType = sourcecode.swift; path = Author.swift; sourceTree = "<group>"; };
		1C6934942D343F48001D42D9 /* BookRowView.swift */ = {isa = PBXFileReference; lastKnownFileType = sourcecode.swift; path = BookRowView.swift; sourceTree = "<group>"; };
		1C6934962D34736B001D42D9 /* RowImageView.swift */ = {isa = PBXFileReference; lastKnownFileType = sourcecode.swift; path = RowImageView.swift; sourceTree = "<group>"; };
		1C69349A2D34857F001D42D9 /* PlaceholderImageView.swift */ = {isa = PBXFileReference; lastKnownFileType = sourcecode.swift; path = PlaceholderImageView.swift; sourceTree = "<group>"; };
		1C6934BC2D35D4F3001D42D9 /* AsyncCachedImage.swift */ = {isa = PBXFileReference; lastKnownFileType = sourcecode.swift; path = AsyncCachedImage.swift; sourceTree = "<group>"; };
		257B7FFB2B13607E00930860 /* iOSTechTest.app */ = {isa = PBXFileReference; explicitFileType = wrapper.application; includeInIndex = 0; path = iOSTechTest.app; sourceTree = BUILT_PRODUCTS_DIR; };
		257B80022B13607F00930860 /* Assets.xcassets */ = {isa = PBXFileReference; lastKnownFileType = folder.assetcatalog; path = Assets.xcassets; sourceTree = "<group>"; };
		257B80052B13607F00930860 /* Preview Assets.xcassets */ = {isa = PBXFileReference; lastKnownFileType = folder.assetcatalog; path = "Preview Assets.xcassets"; sourceTree = "<group>"; };
		257B800B2B13607F00930860 /* iOSTechTestTests.xctest */ = {isa = PBXFileReference; explicitFileType = wrapper.cfbundle; includeInIndex = 0; path = iOSTechTestTests.xctest; sourceTree = BUILT_PRODUCTS_DIR; };
		257B800F2B13607F00930860 /* iOSTechTestTests.swift */ = {isa = PBXFileReference; lastKnownFileType = sourcecode.swift; path = iOSTechTestTests.swift; sourceTree = "<group>"; };
		257B80152B13607F00930860 /* iOSTechTestUITests.xctest */ = {isa = PBXFileReference; explicitFileType = wrapper.cfbundle; includeInIndex = 0; path = iOSTechTestUITests.xctest; sourceTree = BUILT_PRODUCTS_DIR; };
		257B80192B13607F00930860 /* iOSTechTestUITests.swift */ = {isa = PBXFileReference; lastKnownFileType = sourcecode.swift; path = iOSTechTestUITests.swift; sourceTree = "<group>"; };
		257B801B2B13607F00930860 /* iOSTechTestUITestsLaunchTests.swift */ = {isa = PBXFileReference; lastKnownFileType = sourcecode.swift; path = iOSTechTestUITestsLaunchTests.swift; sourceTree = "<group>"; };
/* End PBXFileReference section */

/* Begin PBXFrameworksBuildPhase section */
		257B7FF82B13607E00930860 /* Frameworks */ = {
			isa = PBXFrameworksBuildPhase;
			buildActionMask = 2147483647;
			files = (
			);
			runOnlyForDeploymentPostprocessing = 0;
		};
		257B80082B13607F00930860 /* Frameworks */ = {
			isa = PBXFrameworksBuildPhase;
			buildActionMask = 2147483647;
			files = (
			);
			runOnlyForDeploymentPostprocessing = 0;
		};
		257B80122B13607F00930860 /* Frameworks */ = {
			isa = PBXFrameworksBuildPhase;
			buildActionMask = 2147483647;
			files = (
			);
			runOnlyForDeploymentPostprocessing = 0;
		};
/* End PBXFrameworksBuildPhase section */

/* Begin PBXGroup section */
		1C1BB5D72D33790D00562892 /* App */ = {
			isa = PBXGroup;
			children = (
				1C1BB5D62D33790D00562892 /* iOSTechTestApp.swift */,
			);
			path = App;
			sourceTree = "<group>";
		};
		1C1BB5DB2D33791200562892 /* Services */ = {
			isa = PBXGroup;
			children = (
				1C1BB5D92D33791200562892 /* NetworkingService.swift */,
				1C1BB5DA2D33791200562892 /* PersistenceManager.swift */,
			);
			path = Services;
			sourceTree = "<group>";
		};
		1C1BB5DE2D33791700562892 /* ViewModels */ = {
			isa = PBXGroup;
			children = (
				1C0E7A732D2F777400B604BB /* BookListViewModel.swift */,
			);
			path = ViewModels;
			sourceTree = "<group>";
		};
		1C1BB5DF2D33791C00562892 /* Models */ = {
			isa = PBXGroup;
			children = (
				1C1BB5EB2D3396ED00562892 /* Author.swift */,
				1C1BB5E92D33960F00562892 /* BooksResponse.swift */,
				1C1BB5E52D337A9000562892 /* BookItem.swift */,
				1C1BB5E32D337A6100562892 /* BookInfo.swift */,
			);
			path = Models;
			sourceTree = "<group>";
		};
		1C1BB5E12D33792000562892 /* Views */ = {
			isa = PBXGroup;
			children = (
				1C1BB5E72D337BCC00562892 /* BookDetailView.swift */,
				1C1BB5E02D33792000562892 /* BookListView.swift */,
				1C6934942D343F48001D42D9 /* BookRowView.swift */,
				1C69349A2D34857F001D42D9 /* PlaceholderImageView.swift */,
				1C6934962D34736B001D42D9 /* RowImageView.swift */,
			);
			path = Views;
			sourceTree = "<group>";
		};
		1C6934BB2D35D4EC001D42D9 /* Utils */ = {
			isa = PBXGroup;
			children = (
				1C6934BC2D35D4F3001D42D9 /* AsyncCachedImage.swift */,
			);
			path = Utils;
			sourceTree = "<group>";
		};
		257B7FF22B13607E00930860 = {
			isa = PBXGroup;
			children = (
				257B7FFD2B13607E00930860 /* iOSTechTest */,
				257B800E2B13607F00930860 /* iOSTechTestTests */,
				257B80182B13607F00930860 /* iOSTechTestUITests */,
				257B7FFC2B13607E00930860 /* Products */,
			);
			sourceTree = "<group>";
		};
		257B7FFC2B13607E00930860 /* Products */ = {
			isa = PBXGroup;
			children = (
				257B7FFB2B13607E00930860 /* iOSTechTest.app */,
				257B800B2B13607F00930860 /* iOSTechTestTests.xctest */,
				257B80152B13607F00930860 /* iOSTechTestUITests.xctest */,
			);
			name = Products;
			sourceTree = "<group>";
		};
		257B7FFD2B13607E00930860 /* iOSTechTest */ = {
			isa = PBXGroup;
			children = (
				1C1BB5D72D33790D00562892 /* App */,
				1C1BB5DF2D33791C00562892 /* Models */,
				1C1BB5DB2D33791200562892 /* Services */,
				1C6934BB2D35D4EC001D42D9 /* Utils */,
				1C1BB5DE2D33791700562892 /* ViewModels */,
				1C1BB5E12D33792000562892 /* Views */,
				257B80022B13607F00930860 /* Assets.xcassets */,
				1C0E7A662D2F6EB300B604BB /* Main.xcdatamodeld */,
				257B80042B13607F00930860 /* Preview Content */,
			);
			path = iOSTechTest;
			sourceTree = "<group>";
		};
		257B80042B13607F00930860 /* Preview Content */ = {
			isa = PBXGroup;
			children = (
				257B80052B13607F00930860 /* Preview Assets.xcassets */,
			);
			path = "Preview Content";
			sourceTree = "<group>";
		};
		257B800E2B13607F00930860 /* iOSTechTestTests */ = {
			isa = PBXGroup;
			children = (
				257B800F2B13607F00930860 /* iOSTechTestTests.swift */,
			);
			path = iOSTechTestTests;
			sourceTree = "<group>";
		};
		257B80182B13607F00930860 /* iOSTechTestUITests */ = {
			isa = PBXGroup;
			children = (
				257B80192B13607F00930860 /* iOSTechTestUITests.swift */,
				257B801B2B13607F00930860 /* iOSTechTestUITestsLaunchTests.swift */,
			);
			path = iOSTechTestUITests;
			sourceTree = "<group>";
		};
/* End PBXGroup section */

/* Begin PBXNativeTarget section */
		257B7FFA2B13607E00930860 /* iOSTechTest */ = {
			isa = PBXNativeTarget;
			buildConfigurationList = 257B801F2B13607F00930860 /* Build configuration list for PBXNativeTarget "iOSTechTest" */;
			buildPhases = (
				257B7FF72B13607E00930860 /* Sources */,
				257B7FF82B13607E00930860 /* Frameworks */,
				257B7FF92B13607E00930860 /* Resources */,
			);
			buildRules = (
			);
			dependencies = (
			);
			name = iOSTechTest;
			productName = iOSTechTest;
			productReference = 257B7FFB2B13607E00930860 /* iOSTechTest.app */;
			productType = "com.apple.product-type.application";
		};
		257B800A2B13607F00930860 /* iOSTechTestTests */ = {
			isa = PBXNativeTarget;
			buildConfigurationList = 257B80222B13607F00930860 /* Build configuration list for PBXNativeTarget "iOSTechTestTests" */;
			buildPhases = (
				257B80072B13607F00930860 /* Sources */,
				257B80082B13607F00930860 /* Frameworks */,
				257B80092B13607F00930860 /* Resources */,
			);
			buildRules = (
			);
			dependencies = (
				257B800D2B13607F00930860 /* PBXTargetDependency */,
			);
			name = iOSTechTestTests;
			productName = iOSTechTestTests;
			productReference = 257B800B2B13607F00930860 /* iOSTechTestTests.xctest */;
			productType = "com.apple.product-type.bundle.unit-test";
		};
		257B80142B13607F00930860 /* iOSTechTestUITests */ = {
			isa = PBXNativeTarget;
			buildConfigurationList = 257B80252B13607F00930860 /* Build configuration list for PBXNativeTarget "iOSTechTestUITests" */;
			buildPhases = (
				257B80112B13607F00930860 /* Sources */,
				257B80122B13607F00930860 /* Frameworks */,
				257B80132B13607F00930860 /* Resources */,
			);
			buildRules = (
			);
			dependencies = (
				257B80172B13607F00930860 /* PBXTargetDependency */,
			);
			name = iOSTechTestUITests;
			productName = iOSTechTestUITests;
			productReference = 257B80152B13607F00930860 /* iOSTechTestUITests.xctest */;
			productType = "com.apple.product-type.bundle.ui-testing";
		};
/* End PBXNativeTarget section */

/* Begin PBXProject section */
		257B7FF32B13607E00930860 /* Project object */ = {
			isa = PBXProject;
			attributes = {
				BuildIndependentTargetsInParallel = 1;
				LastSwiftUpdateCheck = 1500;
				LastUpgradeCheck = 1620;
				TargetAttributes = {
					257B7FFA2B13607E00930860 = {
						CreatedOnToolsVersion = 15.0;
					};
					257B800A2B13607F00930860 = {
						CreatedOnToolsVersion = 15.0;
						TestTargetID = 257B7FFA2B13607E00930860;
					};
					257B80142B13607F00930860 = {
						CreatedOnToolsVersion = 15.0;
						TestTargetID = 257B7FFA2B13607E00930860;
					};
				};
			};
			buildConfigurationList = 257B7FF62B13607E00930860 /* Build configuration list for PBXProject "iOSTechTest" */;
			compatibilityVersion = "Xcode 14.0";
			developmentRegion = en;
			hasScannedForEncodings = 0;
			knownRegions = (
				en,
				Base,
			);
			mainGroup = 257B7FF22B13607E00930860;
			productRefGroup = 257B7FFC2B13607E00930860 /* Products */;
			projectDirPath = "";
			projectRoot = "";
			targets = (
				257B7FFA2B13607E00930860 /* iOSTechTest */,
				257B800A2B13607F00930860 /* iOSTechTestTests */,
				257B80142B13607F00930860 /* iOSTechTestUITests */,
			);
		};
/* End PBXProject section */

/* Begin PBXResourcesBuildPhase section */
		257B7FF92B13607E00930860 /* Resources */ = {
			isa = PBXResourcesBuildPhase;
			buildActionMask = 2147483647;
			files = (
				257B80062B13607F00930860 /* Preview Assets.xcassets in Resources */,
				257B80032B13607F00930860 /* Assets.xcassets in Resources */,
			);
			runOnlyForDeploymentPostprocessing = 0;
		};
		257B80092B13607F00930860 /* Resources */ = {
			isa = PBXResourcesBuildPhase;
			buildActionMask = 2147483647;
			files = (
			);
			runOnlyForDeploymentPostprocessing = 0;
		};
		257B80132B13607F00930860 /* Resources */ = {
			isa = PBXResourcesBuildPhase;
			buildActionMask = 2147483647;
			files = (
			);
			runOnlyForDeploymentPostprocessing = 0;
		};
/* End PBXResourcesBuildPhase section */

/* Begin PBXSourcesBuildPhase section */
		257B7FF72B13607E00930860 /* Sources */ = {
			isa = PBXSourcesBuildPhase;
			buildActionMask = 2147483647;
			files = (
				1C1BB5E42D337A6500562892 /* BookInfo.swift in Sources */,
				1C0E7A682D2F6EB300B604BB /* Main.xcdatamodeld in Sources */,
				1C1BB5EA2D33961700562892 /* BooksResponse.swift in Sources */,
				1C6934972D347370001D42D9 /* RowImageView.swift in Sources */,
				1C1BB5E22D33792000562892 /* BookListView.swift in Sources */,
				1C0E7A742D2F777A00B604BB /* BookListViewModel.swift in Sources */,
				1C6934BD2D35D4F8001D42D9 /* AsyncCachedImage.swift in Sources */,
				1C1BB5D82D33790D00562892 /* iOSTechTestApp.swift in Sources */,
				1C6934952D343F4B001D42D9 /* BookRowView.swift in Sources */,
				1C1BB5E62D337A9300562892 /* BookItem.swift in Sources */,
				1C1BB5EC2D3396F000562892 /* Author.swift in Sources */,
				1C1BB5E82D337BD000562892 /* BookDetailView.swift in Sources */,
				1C1BB5DC2D33791200562892 /* NetworkingService.swift in Sources */,
				1C69349B2D348584001D42D9 /* PlaceholderImageView.swift in Sources */,
				1C1BB5DD2D33791200562892 /* PersistenceManager.swift in Sources */,
			);
			runOnlyForDeploymentPostprocessing = 0;
		};
		257B80072B13607F00930860 /* Sources */ = {
			isa = PBXSourcesBuildPhase;
			buildActionMask = 2147483647;
			files = (
				257B80102B13607F00930860 /* iOSTechTestTests.swift in Sources */,
			);
			runOnlyForDeploymentPostprocessing = 0;
		};
		257B80112B13607F00930860 /* Sources */ = {
			isa = PBXSourcesBuildPhase;
			buildActionMask = 2147483647;
			files = (
				257B801C2B13607F00930860 /* iOSTechTestUITestsLaunchTests.swift in Sources */,
				257B801A2B13607F00930860 /* iOSTechTestUITests.swift in Sources */,
			);
			runOnlyForDeploymentPostprocessing = 0;
		};
/* End PBXSourcesBuildPhase section */

/* Begin PBXTargetDependency section */
		257B800D2B13607F00930860 /* PBXTargetDependency */ = {
			isa = PBXTargetDependency;
			target = 257B7FFA2B13607E00930860 /* iOSTechTest */;
			targetProxy = 257B800C2B13607F00930860 /* PBXContainerItemProxy */;
		};
		257B80172B13607F00930860 /* PBXTargetDependency */ = {
			isa = PBXTargetDependency;
			target = 257B7FFA2B13607E00930860 /* iOSTechTest */;
			targetProxy = 257B80162B13607F00930860 /* PBXContainerItemProxy */;
		};
/* End PBXTargetDependency section */

/* Begin XCBuildConfiguration section */
		257B801D2B13607F00930860 /* Debug */ = {
			isa = XCBuildConfiguration;
			buildSettings = {
				ALWAYS_SEARCH_USER_PATHS = NO;
				ASSETCATALOG_COMPILER_GENERATE_SWIFT_ASSET_SYMBOL_EXTENSIONS = YES;
				CLANG_ANALYZER_NONNULL = YES;
				CLANG_ANALYZER_NUMBER_OBJECT_CONVERSION = YES_AGGRESSIVE;
				CLANG_CXX_LANGUAGE_STANDARD = "gnu++20";
				CLANG_ENABLE_MODULES = YES;
				CLANG_ENABLE_OBJC_ARC = YES;
				CLANG_ENABLE_OBJC_WEAK = YES;
				CLANG_WARN_BLOCK_CAPTURE_AUTORELEASING = YES;
				CLANG_WARN_BOOL_CONVERSION = YES;
				CLANG_WARN_COMMA = YES;
				CLANG_WARN_CONSTANT_CONVERSION = YES;
				CLANG_WARN_DEPRECATED_OBJC_IMPLEMENTATIONS = YES;
				CLANG_WARN_DIRECT_OBJC_ISA_USAGE = YES_ERROR;
				CLANG_WARN_DOCUMENTATION_COMMENTS = YES;
				CLANG_WARN_EMPTY_BODY = YES;
				CLANG_WARN_ENUM_CONVERSION = YES;
				CLANG_WARN_INFINITE_RECURSION = YES;
				CLANG_WARN_INT_CONVERSION = YES;
				CLANG_WARN_NON_LITERAL_NULL_CONVERSION = YES;
				CLANG_WARN_OBJC_IMPLICIT_RETAIN_SELF = YES;
				CLANG_WARN_OBJC_LITERAL_CONVERSION = YES;
				CLANG_WARN_OBJC_ROOT_CLASS = YES_ERROR;
				CLANG_WARN_QUOTED_INCLUDE_IN_FRAMEWORK_HEADER = YES;
				CLANG_WARN_RANGE_LOOP_ANALYSIS = YES;
				CLANG_WARN_STRICT_PROTOTYPES = YES;
				CLANG_WARN_SUSPICIOUS_MOVE = YES;
				CLANG_WARN_UNGUARDED_AVAILABILITY = YES_AGGRESSIVE;
				CLANG_WARN_UNREACHABLE_CODE = YES;
				CLANG_WARN__DUPLICATE_METHOD_MATCH = YES;
				COPY_PHASE_STRIP = NO;
				DEBUG_INFORMATION_FORMAT = dwarf;
				ENABLE_STRICT_OBJC_MSGSEND = YES;
				ENABLE_TESTABILITY = YES;
				ENABLE_USER_SCRIPT_SANDBOXING = YES;
				GCC_C_LANGUAGE_STANDARD = gnu17;
				GCC_DYNAMIC_NO_PIC = NO;
				GCC_NO_COMMON_BLOCKS = YES;
				GCC_OPTIMIZATION_LEVEL = 0;
				GCC_PREPROCESSOR_DEFINITIONS = (
					"DEBUG=1",
					"$(inherited)",
				);
				GCC_WARN_64_TO_32_BIT_CONVERSION = YES;
				GCC_WARN_ABOUT_RETURN_TYPE = YES_ERROR;
				GCC_WARN_UNDECLARED_SELECTOR = YES;
				GCC_WARN_UNINITIALIZED_AUTOS = YES_AGGRESSIVE;
				GCC_WARN_UNUSED_FUNCTION = YES;
				GCC_WARN_UNUSED_VARIABLE = YES;
				IPHONEOS_DEPLOYMENT_TARGET = 17.0;
				LOCALIZATION_PREFERS_STRING_CATALOGS = YES;
				MTL_ENABLE_DEBUG_INFO = INCLUDE_SOURCE;
				MTL_FAST_MATH = YES;
				ONLY_ACTIVE_ARCH = YES;
				SDKROOT = iphoneos;
				SWIFT_ACTIVE_COMPILATION_CONDITIONS = "DEBUG $(inherited)";
				SWIFT_OPTIMIZATION_LEVEL = "-Onone";
			};
			name = Debug;
		};
		257B801E2B13607F00930860 /* Release */ = {
			isa = XCBuildConfiguration;
			buildSettings = {
				ALWAYS_SEARCH_USER_PATHS = NO;
				ASSETCATALOG_COMPILER_GENERATE_SWIFT_ASSET_SYMBOL_EXTENSIONS = YES;
				CLANG_ANALYZER_NONNULL = YES;
				CLANG_ANALYZER_NUMBER_OBJECT_CONVERSION = YES_AGGRESSIVE;
				CLANG_CXX_LANGUAGE_STANDARD = "gnu++20";
				CLANG_ENABLE_MODULES = YES;
				CLANG_ENABLE_OBJC_ARC = YES;
				CLANG_ENABLE_OBJC_WEAK = YES;
				CLANG_WARN_BLOCK_CAPTURE_AUTORELEASING = YES;
				CLANG_WARN_BOOL_CONVERSION = YES;
				CLANG_WARN_COMMA = YES;
				CLANG_WARN_CONSTANT_CONVERSION = YES;
				CLANG_WARN_DEPRECATED_OBJC_IMPLEMENTATIONS = YES;
				CLANG_WARN_DIRECT_OBJC_ISA_USAGE = YES_ERROR;
				CLANG_WARN_DOCUMENTATION_COMMENTS = YES;
				CLANG_WARN_EMPTY_BODY = YES;
				CLANG_WARN_ENUM_CONVERSION = YES;
				CLANG_WARN_INFINITE_RECURSION = YES;
				CLANG_WARN_INT_CONVERSION = YES;
				CLANG_WARN_NON_LITERAL_NULL_CONVERSION = YES;
				CLANG_WARN_OBJC_IMPLICIT_RETAIN_SELF = YES;
				CLANG_WARN_OBJC_LITERAL_CONVERSION = YES;
				CLANG_WARN_OBJC_ROOT_CLASS = YES_ERROR;
				CLANG_WARN_QUOTED_INCLUDE_IN_FRAMEWORK_HEADER = YES;
				CLANG_WARN_RANGE_LOOP_ANALYSIS = YES;
				CLANG_WARN_STRICT_PROTOTYPES = YES;
				CLANG_WARN_SUSPICIOUS_MOVE = YES;
				CLANG_WARN_UNGUARDED_AVAILABILITY = YES_AGGRESSIVE;
				CLANG_WARN_UNREACHABLE_CODE = YES;
				CLANG_WARN__DUPLICATE_METHOD_MATCH = YES;
				COPY_PHASE_STRIP = NO;
				DEBUG_INFORMATION_FORMAT = "dwarf-with-dsym";
				ENABLE_NS_ASSERTIONS = NO;
				ENABLE_STRICT_OBJC_MSGSEND = YES;
				ENABLE_USER_SCRIPT_SANDBOXING = YES;
				GCC_C_LANGUAGE_STANDARD = gnu17;
				GCC_NO_COMMON_BLOCKS = YES;
				GCC_WARN_64_TO_32_BIT_CONVERSION = YES;
				GCC_WARN_ABOUT_RETURN_TYPE = YES_ERROR;
				GCC_WARN_UNDECLARED_SELECTOR = YES;
				GCC_WARN_UNINITIALIZED_AUTOS = YES_AGGRESSIVE;
				GCC_WARN_UNUSED_FUNCTION = YES;
				GCC_WARN_UNUSED_VARIABLE = YES;
				IPHONEOS_DEPLOYMENT_TARGET = 17.0;
				LOCALIZATION_PREFERS_STRING_CATALOGS = YES;
				MTL_ENABLE_DEBUG_INFO = NO;
				MTL_FAST_MATH = YES;
				SDKROOT = iphoneos;
				SWIFT_COMPILATION_MODE = wholemodule;
				VALIDATE_PRODUCT = YES;
			};
			name = Release;
		};
		257B80202B13607F00930860 /* Debug */ = {
			isa = XCBuildConfiguration;
			buildSettings = {
				ASSETCATALOG_COMPILER_APPICON_NAME = AppIcon;
				ASSETCATALOG_COMPILER_GLOBAL_ACCENT_COLOR_NAME = AccentColor;
				CODE_SIGN_STYLE = Automatic;
				CURRENT_PROJECT_VERSION = 1;
				DEVELOPMENT_ASSET_PATHS = "\"iOSTechTest/Preview Content\"";
				DEVELOPMENT_TEAM = "";
				ENABLE_PREVIEWS = YES;
				GENERATE_INFOPLIST_FILE = YES;
				INFOPLIST_KEY_UIApplicationSceneManifest_Generation = YES;
				INFOPLIST_KEY_UIApplicationSupportsIndirectInputEvents = YES;
				INFOPLIST_KEY_UILaunchScreen_Generation = YES;
				INFOPLIST_KEY_UISupportedInterfaceOrientations_iPad = "UIInterfaceOrientationPortrait UIInterfaceOrientationPortraitUpsideDown UIInterfaceOrientationLandscapeLeft UIInterfaceOrientationLandscapeRight";
				INFOPLIST_KEY_UISupportedInterfaceOrientations_iPhone = "UIInterfaceOrientationPortrait UIInterfaceOrientationLandscapeLeft UIInterfaceOrientationLandscapeRight";
				IPHONEOS_DEPLOYMENT_TARGET = 18.0;
				LD_RUNPATH_SEARCH_PATHS = (
					"$(inherited)",
					"@executable_path/Frameworks",
				);
				MARKETING_VERSION = 1.0;
				PRODUCT_BUNDLE_IDENTIFIER = com.drivemode.iOSTechTest;
				PRODUCT_NAME = "$(TARGET_NAME)";
				SWIFT_EMIT_LOC_STRINGS = YES;
				SWIFT_VERSION = 5.0;
				TARGETED_DEVICE_FAMILY = "1,2";
			};
			name = Debug;
		};
		257B80212B13607F00930860 /* Release */ = {
			isa = XCBuildConfiguration;
			buildSettings = {
				ASSETCATALOG_COMPILER_APPICON_NAME = AppIcon;
				ASSETCATALOG_COMPILER_GLOBAL_ACCENT_COLOR_NAME = AccentColor;
				CODE_SIGN_STYLE = Automatic;
				CURRENT_PROJECT_VERSION = 1;
				DEVELOPMENT_ASSET_PATHS = "\"iOSTechTest/Preview Content\"";
				DEVELOPMENT_TEAM = "";
				ENABLE_PREVIEWS = YES;
				GENERATE_INFOPLIST_FILE = YES;
				INFOPLIST_KEY_UIApplicationSceneManifest_Generation = YES;
				INFOPLIST_KEY_UIApplicationSupportsIndirectInputEvents = YES;
				INFOPLIST_KEY_UILaunchScreen_Generation = YES;
				INFOPLIST_KEY_UISupportedInterfaceOrientations_iPad = "UIInterfaceOrientationPortrait UIInterfaceOrientationPortraitUpsideDown UIInterfaceOrientationLandscapeLeft UIInterfaceOrientationLandscapeRight";
				INFOPLIST_KEY_UISupportedInterfaceOrientations_iPhone = "UIInterfaceOrientationPortrait UIInterfaceOrientationLandscapeLeft UIInterfaceOrientationLandscapeRight";
				IPHONEOS_DEPLOYMENT_TARGET = 18.0;
				LD_RUNPATH_SEARCH_PATHS = (
					"$(inherited)",
					"@executable_path/Frameworks",
				);
				MARKETING_VERSION = 1.0;
				PRODUCT_BUNDLE_IDENTIFIER = com.drivemode.iOSTechTest;
				PRODUCT_NAME = "$(TARGET_NAME)";
				SWIFT_EMIT_LOC_STRINGS = YES;
				SWIFT_VERSION = 5.0;
				TARGETED_DEVICE_FAMILY = "1,2";
			};
			name = Release;
		};
		257B80232B13607F00930860 /* Debug */ = {
			isa = XCBuildConfiguration;
			buildSettings = {
				BUNDLE_LOADER = "$(TEST_HOST)";
				CODE_SIGN_STYLE = Automatic;
				CURRENT_PROJECT_VERSION = 1;
				DEVELOPMENT_TEAM = UF9JNUGA89;
				GENERATE_INFOPLIST_FILE = YES;
				IPHONEOS_DEPLOYMENT_TARGET = 18.0;
				MARKETING_VERSION = 1.0;
				PRODUCT_BUNDLE_IDENTIFIER = com.drivemode.iOSTechTestTests;
				PRODUCT_NAME = "$(TARGET_NAME)";
				SWIFT_EMIT_LOC_STRINGS = NO;
				SWIFT_VERSION = 5.0;
				TARGETED_DEVICE_FAMILY = "1,2";
				TEST_HOST = "$(BUILT_PRODUCTS_DIR)/iOSTechTest.app/$(BUNDLE_EXECUTABLE_FOLDER_PATH)/iOSTechTest";
			};
			name = Debug;
		};
		257B80242B13607F00930860 /* Release */ = {
			isa = XCBuildConfiguration;
			buildSettings = {
				BUNDLE_LOADER = "$(TEST_HOST)";
				CODE_SIGN_STYLE = Automatic;
				CURRENT_PROJECT_VERSION = 1;
				DEVELOPMENT_TEAM = UF9JNUGA89;
				GENERATE_INFOPLIST_FILE = YES;
				IPHONEOS_DEPLOYMENT_TARGET = 18.0;
				MARKETING_VERSION = 1.0;
				PRODUCT_BUNDLE_IDENTIFIER = com.drivemode.iOSTechTestTests;
				PRODUCT_NAME = "$(TARGET_NAME)";
				SWIFT_EMIT_LOC_STRINGS = NO;
				SWIFT_VERSION = 5.0;
				TARGETED_DEVICE_FAMILY = "1,2";
				TEST_HOST = "$(BUILT_PRODUCTS_DIR)/iOSTechTest.app/$(BUNDLE_EXECUTABLE_FOLDER_PATH)/iOSTechTest";
			};
			name = Release;
		};
		257B80262B13607F00930860 /* Debug */ = {
			isa = XCBuildConfiguration;
			buildSettings = {
				CODE_SIGN_STYLE = Automatic;
				CURRENT_PROJECT_VERSION = 1;
				DEVELOPMENT_TEAM = UF9JNUGA89;
				GENERATE_INFOPLIST_FILE = YES;
				IPHONEOS_DEPLOYMENT_TARGET = 18.0;
				MARKETING_VERSION = 1.0;
				PRODUCT_BUNDLE_IDENTIFIER = com.drivemode.iOSTechTestUITests;
				PRODUCT_NAME = "$(TARGET_NAME)";
				SWIFT_EMIT_LOC_STRINGS = NO;
				SWIFT_VERSION = 5.0;
				TARGETED_DEVICE_FAMILY = "1,2";
				TEST_TARGET_NAME = iOSTechTest;
			};
			name = Debug;
		};
		257B80272B13607F00930860 /* Release */ = {
			isa = XCBuildConfiguration;
			buildSettings = {
				CODE_SIGN_STYLE = Automatic;
				CURRENT_PROJECT_VERSION = 1;
				DEVELOPMENT_TEAM = UF9JNUGA89;
				GENERATE_INFOPLIST_FILE = YES;
				IPHONEOS_DEPLOYMENT_TARGET = 18.0;
				MARKETING_VERSION = 1.0;
				PRODUCT_BUNDLE_IDENTIFIER = com.drivemode.iOSTechTestUITests;
				PRODUCT_NAME = "$(TARGET_NAME)";
				SWIFT_EMIT_LOC_STRINGS = NO;
				SWIFT_VERSION = 5.0;
				TARGETED_DEVICE_FAMILY = "1,2";
				TEST_TARGET_NAME = iOSTechTest;
			};
			name = Release;
		};
/* End XCBuildConfiguration section */

/* Begin XCConfigurationList section */
		257B7FF62B13607E00930860 /* Build configuration list for PBXProject "iOSTechTest" */ = {
			isa = XCConfigurationList;
			buildConfigurations = (
				257B801D2B13607F00930860 /* Debug */,
				257B801E2B13607F00930860 /* Release */,
			);
			defaultConfigurationIsVisible = 0;
			defaultConfigurationName = Release;
		};
		257B801F2B13607F00930860 /* Build configuration list for PBXNativeTarget "iOSTechTest" */ = {
			isa = XCConfigurationList;
			buildConfigurations = (
				257B80202B13607F00930860 /* Debug */,
				257B80212B13607F00930860 /* Release */,
			);
			defaultConfigurationIsVisible = 0;
			defaultConfigurationName = Release;
		};
		257B80222B13607F00930860 /* Build configuration list for PBXNativeTarget "iOSTechTestTests" */ = {
			isa = XCConfigurationList;
			buildConfigurations = (
				257B80232B13607F00930860 /* Debug */,
				257B80242B13607F00930860 /* Release */,
			);
			defaultConfigurationIsVisible = 0;
			defaultConfigurationName = Release;
		};
		257B80252B13607F00930860 /* Build configuration list for PBXNativeTarget "iOSTechTestUITests" */ = {
			isa = XCConfigurationList;
			buildConfigurations = (
				257B80262B13607F00930860 /* Debug */,
				257B80272B13607F00930860 /* Release */,
			);
			defaultConfigurationIsVisible = 0;
			defaultConfigurationName = Release;
		};
/* End XCConfigurationList section */

/* Begin XCVersionGroup section */
		1C0E7A662D2F6EB300B604BB /* Main.xcdatamodeld */ = {
			isa = XCVersionGroup;
			children = (
				1C0E7A672D2F6EB300B604BB /* Main.xcdatamodel */,
			);
			currentVersion = 1C0E7A672D2F6EB300B604BB /* Main.xcdatamodel */;
			path = Main.xcdatamodeld;
			sourceTree = "<group>";
			versionGroupType = wrapper.xcdatamodel;
		};
/* End XCVersionGroup section */
	};
	rootObject = 257B7FF32B13607E00930860 /* Project object */;
}
